// !$*UTF8*$!
{
	archiveVersion = 1;
	classes = {
	};
	objectVersion = 55;
	objects = {

/* Begin PBXBuildFile section */
		6625D72B28C686CC00A78972 /* BloodPressureCopApp.swift in Sources */ = {isa = PBXBuildFile; fileRef = 6625D72A28C686CC00A78972 /* BloodPressureCopApp.swift */; };
		6625D72D28C686CC00A78972 /* ContentView.swift in Sources */ = {isa = PBXBuildFile; fileRef = 6625D72C28C686CC00A78972 /* ContentView.swift */; };
		6625D72F28C686CE00A78972 /* Assets.xcassets in Resources */ = {isa = PBXBuildFile; fileRef = 6625D72E28C686CE00A78972 /* Assets.xcassets */; };
		6625D73228C686CE00A78972 /* Preview Assets.xcassets in Resources */ = {isa = PBXBuildFile; fileRef = 6625D73128C686CE00A78972 /* Preview Assets.xcassets */; };
		6625D73D28C686CE00A78972 /* BloodPressureCopTests.swift in Sources */ = {isa = PBXBuildFile; fileRef = 6625D73C28C686CE00A78972 /* BloodPressureCopTests.swift */; };
		6625D74728C686CE00A78972 /* BloodPressureCopUITests.swift in Sources */ = {isa = PBXBuildFile; fileRef = 6625D74628C686CE00A78972 /* BloodPressureCopUITests.swift */; };
		6625D74928C686CE00A78972 /* BloodPressureCopUITestsLaunchTests.swift in Sources */ = {isa = PBXBuildFile; fileRef = 6625D74828C686CE00A78972 /* BloodPressureCopUITestsLaunchTests.swift */; };
/* End PBXBuildFile section */

/* Begin PBXContainerItemProxy section */
		6625D73928C686CE00A78972 /* PBXContainerItemProxy */ = {
			isa = PBXContainerItemProxy;
			containerPortal = 6625D71F28C686CC00A78972 /* Project object */;
			proxyType = 1;
			remoteGlobalIDString = 6625D72628C686CC00A78972;
			remoteInfo = BloodPressureCop;
		};
		6625D74328C686CE00A78972 /* PBXContainerItemProxy */ = {
			isa = PBXContainerItemProxy;
			containerPortal = 6625D71F28C686CC00A78972 /* Project object */;
			proxyType = 1;
			remoteGlobalIDString = 6625D72628C686CC00A78972;
			remoteInfo = BloodPressureCop;
		};
/* End PBXContainerItemProxy section */

/* Begin PBXFileReference section */
		6625D72728C686CC00A78972 /* BloodPressureCop.app */ = {isa = PBXFileReference; explicitFileType = wrapper.application; includeInIndex = 0; path = BloodPressureCop.app; sourceTree = BUILT_PRODUCTS_DIR; };
		6625D72A28C686CC00A78972 /* BloodPressureCopApp.swift */ = {isa = PBXFileReference; lastKnownFileType = sourcecode.swift; path = BloodPressureCopApp.swift; sourceTree = "<group>"; };
		6625D72C28C686CC00A78972 /* ContentView.swift */ = {isa = PBXFileReference; lastKnownFileType = sourcecode.swift; path = ContentView.swift; sourceTree = "<group>"; };
		6625D72E28C686CE00A78972 /* Assets.xcassets */ = {isa = PBXFileReference; lastKnownFileType = folder.assetcatalog; path = Assets.xcassets; sourceTree = "<group>"; };
		6625D73128C686CE00A78972 /* Preview Assets.xcassets */ = {isa = PBXFileReference; lastKnownFileType = folder.assetcatalog; path = "Preview Assets.xcassets"; sourceTree = "<group>"; };
		6625D73328C686CE00A78972 /* BloodPressureCop.entitlements */ = {isa = PBXFileReference; lastKnownFileType = text.plist.entitlements; path = BloodPressureCop.entitlements; sourceTree = "<group>"; };
		6625D73828C686CE00A78972 /* BloodPressureCopTests.xctest */ = {isa = PBXFileReference; explicitFileType = wrapper.cfbundle; includeInIndex = 0; path = BloodPressureCopTests.xctest; sourceTree = BUILT_PRODUCTS_DIR; };
		6625D73C28C686CE00A78972 /* BloodPressureCopTests.swift */ = {isa = PBXFileReference; lastKnownFileType = sourcecode.swift; path = BloodPressureCopTests.swift; sourceTree = "<group>"; };
		6625D74228C686CE00A78972 /* BloodPressureCopUITests.xctest */ = {isa = PBXFileReference; explicitFileType = wrapper.cfbundle; includeInIndex = 0; path = BloodPressureCopUITests.xctest; sourceTree = BUILT_PRODUCTS_DIR; };
		6625D74628C686CE00A78972 /* BloodPressureCopUITests.swift */ = {isa = PBXFileReference; lastKnownFileType = sourcecode.swift; path = BloodPressureCopUITests.swift; sourceTree = "<group>"; };
		6625D74828C686CE00A78972 /* BloodPressureCopUITestsLaunchTests.swift */ = {isa = PBXFileReference; lastKnownFileType = sourcecode.swift; path = BloodPressureCopUITestsLaunchTests.swift; sourceTree = "<group>"; };
/* End PBXFileReference section */

/* Begin PBXFrameworksBuildPhase section */
		6625D72428C686CC00A78972 /* Frameworks */ = {
			isa = PBXFrameworksBuildPhase;
			buildActionMask = 2147483647;
			files = (
			);
			runOnlyForDeploymentPostprocessing = 0;
		};
		6625D73528C686CE00A78972 /* Frameworks */ = {
			isa = PBXFrameworksBuildPhase;
			buildActionMask = 2147483647;
			files = (
			);
			runOnlyForDeploymentPostprocessing = 0;
		};
		6625D73F28C686CE00A78972 /* Frameworks */ = {
			isa = PBXFrameworksBuildPhase;
			buildActionMask = 2147483647;
			files = (
			);
			runOnlyForDeploymentPostprocessing = 0;
		};
/* End PBXFrameworksBuildPhase section */

/* Begin PBXGroup section */
		6625D71E28C686CC00A78972 = {
			isa = PBXGroup;
			children = (
				6625D72928C686CC00A78972 /* BloodPressureCop */,
				6625D73B28C686CE00A78972 /* BloodPressureCopTests */,
				6625D74528C686CE00A78972 /* BloodPressureCopUITests */,
				6625D72828C686CC00A78972 /* Products */,
			);
			sourceTree = "<group>";
		};
		6625D72828C686CC00A78972 /* Products */ = {
			isa = PBXGroup;
			children = (
				6625D72728C686CC00A78972 /* BloodPressureCop.app */,
				6625D73828C686CE00A78972 /* BloodPressureCopTests.xctest */,
				6625D74228C686CE00A78972 /* BloodPressureCopUITests.xctest */,
			);
			name = Products;
			sourceTree = "<group>";
		};
		6625D72928C686CC00A78972 /* BloodPressureCop */ = {
			isa = PBXGroup;
			children = (
				6625D72A28C686CC00A78972 /* BloodPressureCopApp.swift */,
				6625D72C28C686CC00A78972 /* ContentView.swift */,
				6625D72E28C686CE00A78972 /* Assets.xcassets */,
				6625D73328C686CE00A78972 /* BloodPressureCop.entitlements */,
				6625D73028C686CE00A78972 /* Preview Content */,
			);
			path = BloodPressureCop;
			sourceTree = "<group>";
		};
		6625D73028C686CE00A78972 /* Preview Content */ = {
			isa = PBXGroup;
			children = (
				6625D73128C686CE00A78972 /* Preview Assets.xcassets */,
			);
			path = "Preview Content";
			sourceTree = "<group>";
		};
		6625D73B28C686CE00A78972 /* BloodPressureCopTests */ = {
			isa = PBXGroup;
			children = (
				6625D73C28C686CE00A78972 /* BloodPressureCopTests.swift */,
			);
			path = BloodPressureCopTests;
			sourceTree = "<group>";
		};
		6625D74528C686CE00A78972 /* BloodPressureCopUITests */ = {
			isa = PBXGroup;
			children = (
				6625D74628C686CE00A78972 /* BloodPressureCopUITests.swift */,
				6625D74828C686CE00A78972 /* BloodPressureCopUITestsLaunchTests.swift */,
			);
			path = BloodPressureCopUITests;
			sourceTree = "<group>";
		};
/* End PBXGroup section */

/* Begin PBXNativeTarget section */
		6625D72628C686CC00A78972 /* BloodPressureCop */ = {
			isa = PBXNativeTarget;
			buildConfigurationList = 6625D74C28C686CE00A78972 /* Build configuration list for PBXNativeTarget "BloodPressureCop" */;
			buildPhases = (
				6625D72328C686CC00A78972 /* Sources */,
				6625D72428C686CC00A78972 /* Frameworks */,
				6625D72528C686CC00A78972 /* Resources */,
			);
			buildRules = (
			);
			dependencies = (
			);
			name = BloodPressureCop;
			productName = BloodPressureCop;
			productReference = 6625D72728C686CC00A78972 /* BloodPressureCop.app */;
			productType = "com.apple.product-type.application";
		};
		6625D73728C686CE00A78972 /* BloodPressureCopTests */ = {
			isa = PBXNativeTarget;
			buildConfigurationList = 6625D74F28C686CE00A78972 /* Build configuration list for PBXNativeTarget "BloodPressureCopTests" */;
			buildPhases = (
				6625D73428C686CE00A78972 /* Sources */,
				6625D73528C686CE00A78972 /* Frameworks */,
				6625D73628C686CE00A78972 /* Resources */,
			);
			buildRules = (
			);
			dependencies = (
				6625D73A28C686CE00A78972 /* PBXTargetDependency */,
			);
			name = BloodPressureCopTests;
			productName = BloodPressureCopTests;
			productReference = 6625D73828C686CE00A78972 /* BloodPressureCopTests.xctest */;
			productType = "com.apple.product-type.bundle.unit-test";
		};
		6625D74128C686CE00A78972 /* BloodPressureCopUITests */ = {
			isa = PBXNativeTarget;
			buildConfigurationList = 6625D75228C686CE00A78972 /* Build configuration list for PBXNativeTarget "BloodPressureCopUITests" */;
			buildPhases = (
				6625D73E28C686CE00A78972 /* Sources */,
				6625D73F28C686CE00A78972 /* Frameworks */,
				6625D74028C686CE00A78972 /* Resources */,
			);
			buildRules = (
			);
			dependencies = (
				6625D74428C686CE00A78972 /* PBXTargetDependency */,
			);
			name = BloodPressureCopUITests;
			productName = BloodPressureCopUITests;
			productReference = 6625D74228C686CE00A78972 /* BloodPressureCopUITests.xctest */;
			productType = "com.apple.product-type.bundle.ui-testing";
		};
/* End PBXNativeTarget section */

/* Begin PBXProject section */
		6625D71F28C686CC00A78972 /* Project object */ = {
			isa = PBXProject;
			attributes = {
				BuildIndependentTargetsInParallel = 1;
				LastSwiftUpdateCheck = 1340;
				LastUpgradeCheck = 1340;
				TargetAttributes = {
					6625D72628C686CC00A78972 = {
						CreatedOnToolsVersion = 13.4.1;
					};
					6625D73728C686CE00A78972 = {
						CreatedOnToolsVersion = 13.4.1;
						TestTargetID = 6625D72628C686CC00A78972;
					};
					6625D74128C686CE00A78972 = {
						CreatedOnToolsVersion = 13.4.1;
						TestTargetID = 6625D72628C686CC00A78972;
					};
				};
			};
			buildConfigurationList = 6625D72228C686CC00A78972 /* Build configuration list for PBXProject "BloodPressureCop" */;
			compatibilityVersion = "Xcode 13.0";
			developmentRegion = en;
			hasScannedForEncodings = 0;
			knownRegions = (
				en,
				Base,
			);
			mainGroup = 6625D71E28C686CC00A78972;
			productRefGroup = 6625D72828C686CC00A78972 /* Products */;
			projectDirPath = "";
			projectRoot = "";
			targets = (
				6625D72628C686CC00A78972 /* BloodPressureCop */,
				6625D73728C686CE00A78972 /* BloodPressureCopTests */,
				6625D74128C686CE00A78972 /* BloodPressureCopUITests */,
			);
		};
/* End PBXProject section */

/* Begin PBXResourcesBuildPhase section */
		6625D72528C686CC00A78972 /* Resources */ = {
			isa = PBXResourcesBuildPhase;
			buildActionMask = 2147483647;
			files = (
				6625D73228C686CE00A78972 /* Preview Assets.xcassets in Resources */,
				6625D72F28C686CE00A78972 /* Assets.xcassets in Resources */,
			);
			runOnlyForDeploymentPostprocessing = 0;
		};
		6625D73628C686CE00A78972 /* Resources */ = {
			isa = PBXResourcesBuildPhase;
			buildActionMask = 2147483647;
			files = (
			);
			runOnlyForDeploymentPostprocessing = 0;
		};
		6625D74028C686CE00A78972 /* Resources */ = {
			isa = PBXResourcesBuildPhase;
			buildActionMask = 2147483647;
			files = (
			);
			runOnlyForDeploymentPostprocessing = 0;
		};
/* End PBXResourcesBuildPhase section */

/* Begin PBXSourcesBuildPhase section */
		6625D72328C686CC00A78972 /* Sources */ = {
			isa = PBXSourcesBuildPhase;
			buildActionMask = 2147483647;
			files = (
				6625D72D28C686CC00A78972 /* ContentView.swift in Sources */,
				6625D72B28C686CC00A78972 /* BloodPressureCopApp.swift in Sources */,
			);
			runOnlyForDeploymentPostprocessing = 0;
		};
		6625D73428C686CE00A78972 /* Sources */ = {
			isa = PBXSourcesBuildPhase;
			buildActionMask = 2147483647;
			files = (
				6625D73D28C686CE00A78972 /* BloodPressureCopTests.swift in Sources */,
			);
			runOnlyForDeploymentPostprocessing = 0;
		};
		6625D73E28C686CE00A78972 /* Sources */ = {
			isa = PBXSourcesBuildPhase;
			buildActionMask = 2147483647;
			files = (
				6625D74728C686CE00A78972 /* BloodPressureCopUITests.swift in Sources */,
				6625D74928C686CE00A78972 /* BloodPressureCopUITestsLaunchTests.swift in Sources */,
			);
			runOnlyForDeploymentPostprocessing = 0;
		};
/* End PBXSourcesBuildPhase section */

/* Begin PBXTargetDependency section */
		6625D73A28C686CE00A78972 /* PBXTargetDependency */ = {
			isa = PBXTargetDependency;
			target = 6625D72628C686CC00A78972 /* BloodPressureCop */;
			targetProxy = 6625D73928C686CE00A78972 /* PBXContainerItemProxy */;
		};
		6625D74428C686CE00A78972 /* PBXTargetDependency */ = {
			isa = PBXTargetDependency;
			target = 6625D72628C686CC00A78972 /* BloodPressureCop */;
			targetProxy = 6625D74328C686CE00A78972 /* PBXContainerItemProxy */;
		};
/* End PBXTargetDependency section */

/* Begin XCBuildConfiguration section */
		6625D74A28C686CE00A78972 /* Debug */ = {
			isa = XCBuildConfiguration;
			buildSettings = {
				ALWAYS_SEARCH_USER_PATHS = NO;
				CLANG_ANALYZER_NONNULL = YES;
				CLANG_ANALYZER_NUMBER_OBJECT_CONVERSION = YES_AGGRESSIVE;
				CLANG_CXX_LANGUAGE_STANDARD = "gnu++17";
				CLANG_ENABLE_MODULES = YES;
				CLANG_ENABLE_OBJC_ARC = YES;
				CLANG_ENABLE_OBJC_WEAK = YES;
				CLANG_WARN_BLOCK_CAPTURE_AUTORELEASING = YES;
				CLANG_WARN_BOOL_CONVERSION = YES;
				CLANG_WARN_COMMA = YES;
				CLANG_WARN_CONSTANT_CONVERSION = YES;
				CLANG_WARN_DEPRECATED_OBJC_IMPLEMENTATIONS = YES;
				CLANG_WARN_DIRECT_OBJC_ISA_USAGE = YES_ERROR;
				CLANG_WARN_DOCUMENTATION_COMMENTS = YES;
				CLANG_WARN_EMPTY_BODY = YES;
				CLANG_WARN_ENUM_CONVERSION = YES;
				CLANG_WARN_INFINITE_RECURSION = YES;
				CLANG_WARN_INT_CONVERSION = YES;
				CLANG_WARN_NON_LITERAL_NULL_CONVERSION = YES;
				CLANG_WARN_OBJC_IMPLICIT_RETAIN_SELF = YES;
				CLANG_WARN_OBJC_LITERAL_CONVERSION = YES;
				CLANG_WARN_OBJC_ROOT_CLASS = YES_ERROR;
				CLANG_WARN_QUOTED_INCLUDE_IN_FRAMEWORK_HEADER = YES;
				CLANG_WARN_RANGE_LOOP_ANALYSIS = YES;
				CLANG_WARN_STRICT_PROTOTYPES = YES;
				CLANG_WARN_SUSPICIOUS_MOVE = YES;
				CLANG_WARN_UNGUARDED_AVAILABILITY = YES_AGGRESSIVE;
				CLANG_WARN_UNREACHABLE_CODE = YES;
				CLANG_WARN__DUPLICATE_METHOD_MATCH = YES;
				COPY_PHASE_STRIP = NO;
				DEBUG_INFORMATION_FORMAT = dwarf;
				ENABLE_STRICT_OBJC_MSGSEND = YES;
				ENABLE_TESTABILITY = YES;
				GCC_C_LANGUAGE_STANDARD = gnu11;
				GCC_DYNAMIC_NO_PIC = NO;
				GCC_NO_COMMON_BLOCKS = YES;
				GCC_OPTIMIZATION_LEVEL = 0;
				GCC_PREPROCESSOR_DEFINITIONS = (
					"DEBUG=1",
					"$(inherited)",
				);
				GCC_WARN_64_TO_32_BIT_CONVERSION = YES;
				GCC_WARN_ABOUT_RETURN_TYPE = YES_ERROR;
				GCC_WARN_UNDECLARED_SELECTOR = YES;
				GCC_WARN_UNINITIALIZED_AUTOS = YES_AGGRESSIVE;
				GCC_WARN_UNUSED_FUNCTION = YES;
				GCC_WARN_UNUSED_VARIABLE = YES;
				MACOSX_DEPLOYMENT_TARGET = 12.2;
				MTL_ENABLE_DEBUG_INFO = INCLUDE_SOURCE;
				MTL_FAST_MATH = YES;
				ONLY_ACTIVE_ARCH = YES;
				SDKROOT = macosx;
				SWIFT_ACTIVE_COMPILATION_CONDITIONS = DEBUG;
				SWIFT_OPTIMIZATION_LEVEL = "-Onone";
			};
			name = Debug;
		};
		6625D74B28C686CE00A78972 /* Release */ = {
			isa = XCBuildConfiguration;
			buildSettings = {
				ALWAYS_SEARCH_USER_PATHS = NO;
				CLANG_ANALYZER_NONNULL = YES;
				CLANG_ANALYZER_NUMBER_OBJECT_CONVERSION = YES_AGGRESSIVE;
				CLANG_CXX_LANGUAGE_STANDARD = "gnu++17";
				CLANG_ENABLE_MODULES = YES;
				CLANG_ENABLE_OBJC_ARC = YES;
				CLANG_ENABLE_OBJC_WEAK = YES;
				CLANG_WARN_BLOCK_CAPTURE_AUTORELEASING = YES;
				CLANG_WARN_BOOL_CONVERSION = YES;
				CLANG_WARN_COMMA = YES;
				CLANG_WARN_CONSTANT_CONVERSION = YES;
				CLANG_WARN_DEPRECATED_OBJC_IMPLEMENTATIONS = YES;
				CLANG_WARN_DIRECT_OBJC_ISA_USAGE = YES_ERROR;
				CLANG_WARN_DOCUMENTATION_COMMENTS = YES;
				CLANG_WARN_EMPTY_BODY = YES;
				CLANG_WARN_ENUM_CONVERSION = YES;
				CLANG_WARN_INFINITE_RECURSION = YES;
				CLANG_WARN_INT_CONVERSION = YES;
				CLANG_WARN_NON_LITERAL_NULL_CONVERSION = YES;
				CLANG_WARN_OBJC_IMPLICIT_RETAIN_SELF = YES;
				CLANG_WARN_OBJC_LITERAL_CONVERSION = YES;
				CLANG_WARN_OBJC_ROOT_CLASS = YES_ERROR;
				CLANG_WARN_QUOTED_INCLUDE_IN_FRAMEWORK_HEADER = YES;
				CLANG_WARN_RANGE_LOOP_ANALYSIS = YES;
				CLANG_WARN_STRICT_PROTOTYPES = YES;
				CLANG_WARN_SUSPICIOUS_MOVE = YES;
				CLANG_WARN_UNGUARDED_AVAILABILITY = YES_AGGRESSIVE;
				CLANG_WARN_UNREACHABLE_CODE = YES;
				CLANG_WARN__DUPLICATE_METHOD_MATCH = YES;
				COPY_PHASE_STRIP = NO;
				DEBUG_INFORMATION_FORMAT = "dwarf-with-dsym";
				ENABLE_NS_ASSERTIONS = NO;
				ENABLE_STRICT_OBJC_MSGSEND = YES;
				GCC_C_LANGUAGE_STANDARD = gnu11;
				GCC_NO_COMMON_BLOCKS = YES;
				GCC_WARN_64_TO_32_BIT_CONVERSION = YES;
				GCC_WARN_ABOUT_RETURN_TYPE = YES_ERROR;
				GCC_WARN_UNDECLARED_SELECTOR = YES;
				GCC_WARN_UNINITIALIZED_AUTOS = YES_AGGRESSIVE;
				GCC_WARN_UNUSED_FUNCTION = YES;
				GCC_WARN_UNUSED_VARIABLE = YES;
				MACOSX_DEPLOYMENT_TARGET = 12.2;
				MTL_ENABLE_DEBUG_INFO = NO;
				MTL_FAST_MATH = YES;
				SDKROOT = macosx;
				SWIFT_COMPILATION_MODE = wholemodule;
				SWIFT_OPTIMIZATION_LEVEL = "-O";
			};
			name = Release;
		};
		6625D74D28C686CE00A78972 /* Debug */ = {
			isa = XCBuildConfiguration;
			buildSettings = {
				ASSETCATALOG_COMPILER_APPICON_NAME = AppIcon;
				ASSETCATALOG_COMPILER_GLOBAL_ACCENT_COLOR_NAME = AccentColor;
				CODE_SIGN_ENTITLEMENTS = BloodPressureCop/BloodPressureCop.entitlements;
				CODE_SIGN_STYLE = Automatic;
				COMBINE_HIDPI_IMAGES = YES;
				CURRENT_PROJECT_VERSION = 1;
				DEVELOPMENT_ASSET_PATHS = "\"BloodPressureCop/Preview Content\"";
				DEVELOPMENT_TEAM = R56WL9QPRA;
				ENABLE_HARDENED_RUNTIME = YES;
				ENABLE_PREVIEWS = YES;
				GENERATE_INFOPLIST_FILE = YES;
				INFOPLIST_KEY_NSHumanReadableCopyright = "";
				LD_RUNPATH_SEARCH_PATHS = (
					"$(inherited)",
					"@executable_path/../Frameworks",
				);
				MARKETING_VERSION = 1.0;
				PRODUCT_BUNDLE_IDENTIFIER = com.example.BloodPressureCop;
				PRODUCT_NAME = "$(TARGET_NAME)";
				SWIFT_EMIT_LOC_STRINGS = YES;
				SWIFT_VERSION = 5.0;
			};
			name = Debug;
		};
		6625D74E28C686CE00A78972 /* Release */ = {
			isa = XCBuildConfiguration;
			buildSettings = {
				ASSETCATALOG_COMPILER_APPICON_NAME = AppIcon;
				ASSETCATALOG_COMPILER_GLOBAL_ACCENT_COLOR_NAME = AccentColor;
				CODE_SIGN_ENTITLEMENTS = BloodPressureCop/BloodPressureCop.entitlements;
				CODE_SIGN_STYLE = Automatic;
				COMBINE_HIDPI_IMAGES = YES;
				CURRENT_PROJECT_VERSION = 1;
				DEVELOPMENT_ASSET_PATHS = "\"BloodPressureCop/Preview Content\"";
				DEVELOPMENT_TEAM = R56WL9QPRA;
				ENABLE_HARDENED_RUNTIME = YES;
				ENABLE_PREVIEWS = YES;
				GENERATE_INFOPLIST_FILE = YES;
				INFOPLIST_KEY_NSHumanReadableCopyright = "";
				LD_RUNPATH_SEARCH_PATHS = (
					"$(inherited)",
					"@executable_path/../Frameworks",
				);
				MARKETING_VERSION = 1.0;
				PRODUCT_BUNDLE_IDENTIFIER = com.example.BloodPressureCop;
				PRODUCT_NAME = "$(TARGET_NAME)";
				SWIFT_EMIT_LOC_STRINGS = YES;
				SWIFT_VERSION = 5.0;
			};
			name = Release;
		};
		6625D75028C686CE00A78972 /* Debug */ = {
			isa = XCBuildConfiguration;
			buildSettings = {
				ALWAYS_EMBED_SWIFT_STANDARD_LIBRARIES = YES;
				BUNDLE_LOADER = "$(TEST_HOST)";
				CODE_SIGN_STYLE = Automatic;
				CURRENT_PROJECT_VERSION = 1;
				DEVELOPMENT_TEAM = R56WL9QPRA;
				GENERATE_INFOPLIST_FILE = YES;
				MACOSX_DEPLOYMENT_TARGET = 12.2;
				MARKETING_VERSION = 1.0;
				PRODUCT_BUNDLE_IDENTIFIER = com.example.BloodPressureCopTests;
				PRODUCT_NAME = "$(TARGET_NAME)";
				SWIFT_EMIT_LOC_STRINGS = NO;
				SWIFT_VERSION = 5.0;
				TEST_HOST = "$(BUILT_PRODUCTS_DIR)/BloodPressureCop.app/Contents/MacOS/BloodPressureCop";
			};
			name = Debug;
		};
		6625D75128C686CE00A78972 /* Release */ = {
			isa = XCBuildConfiguration;
			buildSettings = {
				ALWAYS_EMBED_SWIFT_STANDARD_LIBRARIES = YES;
				BUNDLE_LOADER = "$(TEST_HOST)";
				CODE_SIGN_STYLE = Automatic;
				CURRENT_PROJECT_VERSION = 1;
				DEVELOPMENT_TEAM = R56WL9QPRA;
				GENERATE_INFOPLIST_FILE = YES;
				MACOSX_DEPLOYMENT_TARGET = 12.2;
				MARKETING_VERSION = 1.0;
				PRODUCT_BUNDLE_IDENTIFIER = com.example.BloodPressureCopTests;
				PRODUCT_NAME = "$(TARGET_NAME)";
				SWIFT_EMIT_LOC_STRINGS = NO;
				SWIFT_VERSION = 5.0;
				TEST_HOST = "$(BUILT_PRODUCTS_DIR)/BloodPressureCop.app/Contents/MacOS/BloodPressureCop";
			};
			name = Release;
		};
		6625D75328C686CE00A78972 /* Debug */ = {
			isa = XCBuildConfiguration;
			buildSettings = {
				ALWAYS_EMBED_SWIFT_STANDARD_LIBRARIES = YES;
				CODE_SIGN_STYLE = Automatic;
				CURRENT_PROJECT_VERSION = 1;
				DEVELOPMENT_TEAM = R56WL9QPRA;
				GENERATE_INFOPLIST_FILE = YES;
				MARKETING_VERSION = 1.0;
				PRODUCT_BUNDLE_IDENTIFIER = com.example.BloodPressureCopUITests;
				PRODUCT_NAME = "$(TARGET_NAME)";
				SWIFT_EMIT_LOC_STRINGS = NO;
				SWIFT_VERSION = 5.0;
				TEST_TARGET_NAME = BloodPressureCop;
			};
			name = Debug;
		};
		6625D75428C686CE00A78972 /* Release */ = {
			isa = XCBuildConfiguration;
			buildSettings = {
				ALWAYS_EMBED_SWIFT_STANDARD_LIBRARIES = YES;
				CODE_SIGN_STYLE = Automatic;
				CURRENT_PROJECT_VERSION = 1;
				DEVELOPMENT_TEAM = R56WL9QPRA;
				GENERATE_INFOPLIST_FILE = YES;
				MARKETING_VERSION = 1.0;
				PRODUCT_BUNDLE_IDENTIFIER = com.example.BloodPressureCopUITests;
				PRODUCT_NAME = "$(TARGET_NAME)";
				SWIFT_EMIT_LOC_STRINGS = NO;
				SWIFT_VERSION = 5.0;
				TEST_TARGET_NAME = BloodPressureCop;
			};
			name = Release;
		};
/* End XCBuildConfiguration section */

/* Begin XCConfigurationList section */
		6625D72228C686CC00A78972 /* Build configuration list for PBXProject "BloodPressureCop" */ = {
			isa = XCConfigurationList;
			buildConfigurations = (
				6625D74A28C686CE00A78972 /* Debug */,
				6625D74B28C686CE00A78972 /* Release */,
			);
			defaultConfigurationIsVisible = 0;
			defaultConfigurationName = Release;
		};
		6625D74C28C686CE00A78972 /* Build configuration list for PBXNativeTarget "BloodPressureCop" */ = {
			isa = XCConfigurationList;
			buildConfigurations = (
				6625D74D28C686CE00A78972 /* Debug */,
				6625D74E28C686CE00A78972 /* Release */,
			);
			defaultConfigurationIsVisible = 0;
			defaultConfigurationName = Release;
		};
		6625D74F28C686CE00A78972 /* Build configuration list for PBXNativeTarget "BloodPressureCopTests" */ = {
			isa = XCConfigurationList;
			buildConfigurations = (
				6625D75028C686CE00A78972 /* Debug */,
				6625D75128C686CE00A78972 /* Release */,
			);
			defaultConfigurationIsVisible = 0;
			defaultConfigurationName = Release;
		};
		6625D75228C686CE00A78972 /* Build configuration list for PBXNativeTarget "BloodPressureCopUITests" */ = {
			isa = XCConfigurationList;
			buildConfigurations = (
				6625D75328C686CE00A78972 /* Debug */,
				6625D75428C686CE00A78972 /* Release */,
			);
			defaultConfigurationIsVisible = 0;
			defaultConfigurationName = Release;
		};
/* End XCConfigurationList section */
	};
	rootObject = 6625D71F28C686CC00A78972 /* Project object */;
}
